Microsoft Visual Studio Solution File, Format Version 12.00
# Visual Studio Version 17
VisualStudioVersion = 17.5.2.0
MinimumVisualStudioVersion = 10.0.40219.1
Project("{FAE04EC0-301F-11D3-BF4B-00C04F79EFBC}") = "SampleBot", "SampleBot.csproj", "{A217A9D1-F3D4-22DA-AABA-AAE77AC4417B}"
EndProject
Global
	GlobalSection(SolutionConfigurationPlatforms) = preSolution
		Debug|Any CPU = Debug|Any CPU
		Release|Any CPU = Release|Any CPU
	EndGlobalSection
	GlobalSection(ProjectConfigurationPlatforms) = postSolution
		{A217A9D1-F3D4-22DA-AABA-AAE77AC4417B}.Debug|Any CPU.ActiveCfg = Debug|Any CPU
		{A217A9D1-F3D4-22DA-AABA-AAE77AC4417B}.Debug|Any CPU.Build.0 = Debug|Any CPU
		{A217A9D1-F3D4-22DA-AABA-AAE77AC4417B}.Release|Any CPU.ActiveCfg = Release|Any CPU
		{A217A9D1-F3D4-22DA-AABA-AAE77AC4417B}.Release|Any CPU.Build.0 = Release|Any CPU
	EndGlobalSection
	GlobalSection(SolutionProperties) = preSolution
		HideSolutionNode = FALSE
	EndGlobalSection
	GlobalSection(ExtensibilityGlobals) = postSolution
		SolutionGuid = {1F6CA4A0-5D67-4C47-9218-F2B4866D2D77}
	EndGlobalSection
EndGlobal
